
Microsoft Visual Studio Solution File, Format Version 12.00
# Visual Studio Version 16
VisualStudioVersion = 16.0.31515.178
MinimumVisualStudioVersion = 10.0.40219.1
Project("{FAE04EC0-301F-11D3-BF4B-00C04F79EFBC}") = "Excersises", "Excersises\Excersises.csproj", "{3B3B2C53-9908-4736-BC27-AF8D79501C6B}"
EndProject
Project("{FAE04EC0-301F-11D3-BF4B-00C04F79EFBC}") = "Exe", "Exe\Exe.csproj", "{CEC7FE65-46EE-483F-8FCA-73E0BAE28A0D}"
EndProject
Global
	GlobalSection(SolutionConfigurationPlatforms) = preSolution
		Debug|Any CPU = Debug|Any CPU
		Release|Any CPU = Release|Any CPU
	EndGlobalSection
	GlobalSection(ProjectConfigurationPlatforms) = postSolution
		{3B3B2C53-9908-4736-BC27-AF8D79501C6B}.Debug|Any CPU.ActiveCfg = Debug|Any CPU
		{3B3B2C53-9908-4736-BC27-AF8D79501C6B}.Debug|Any CPU.Build.0 = Debug|Any CPU
		{3B3B2C53-9908-4736-BC27-AF8D79501C6B}.Release|Any CPU.ActiveCfg = Release|Any CPU
		{3B3B2C53-9908-4736-BC27-AF8D79501C6B}.Release|Any CPU.Build.0 = Release|Any CPU
		{CEC7FE65-46EE-483F-8FCA-73E0BAE28A0D}.Debug|Any CPU.ActiveCfg = Debug|Any CPU
		{CEC7FE65-46EE-483F-8FCA-73E0BAE28A0D}.Debug|Any CPU.Build.0 = Debug|Any CPU
		{CEC7FE65-46EE-483F-8FCA-73E0BAE28A0D}.Release|Any CPU.ActiveCfg = Release|Any CPU
		{CEC7FE65-46EE-483F-8FCA-73E0BAE28A0D}.Release|Any CPU.Build.0 = Release|Any CPU
	EndGlobalSection
	GlobalSection(SolutionProperties) = preSolution
		HideSolutionNode = FALSE
	EndGlobalSection
	GlobalSection(ExtensibilityGlobals) = postSolution
		SolutionGuid = {D291454B-06F4-45CB-8157-DD7621E207FA}
	EndGlobalSection
EndGlobal
